
Microsoft Visual Studio Solution File, Format Version 12.00
# Visual Studio Version 17
VisualStudioVersion = 17.10.35122.118
MinimumVisualStudioVersion = 10.0.40219.1
Project("{FAE04EC0-301F-11D3-BF4B-00C04F79EFBC}") = "APIWMS", "APIWMS.csproj", "{48BB356C-9981-4408-9DC3-01BF88254201}"
EndProject
Global
	GlobalSection(SolutionConfigurationPlatforms) = preSolution
		Debug|Any CPU = Debug|Any CPU
		Release|Any CPU = Release|Any CPU
	EndGlobalSection
	GlobalSection(ProjectConfigurationPlatforms) = postSolution
		{48BB356C-9981-4408-9DC3-01BF88254201}.Debug|Any CPU.ActiveCfg = Debug|Any CPU
		{48BB356C-9981-4408-9DC3-01BF88254201}.Debug|Any CPU.Build.0 = Debug|Any CPU
		{48BB356C-9981-4408-9DC3-01BF88254201}.Release|Any CPU.ActiveCfg = Release|Any CPU
		{48BB356C-9981-4408-9DC3-01BF88254201}.Release|Any CPU.Build.0 = Release|Any CPU
	EndGlobalSection
	GlobalSection(SolutionProperties) = preSolution
		HideSolutionNode = FALSE
	EndGlobalSection
	GlobalSection(ExtensibilityGlobals) = postSolution
		SolutionGuid = {FCB9FA18-D45B-4665-8CF8-4D1C103E6CD0}
	EndGlobalSection
EndGlobal
